
Microsoft Visual Studio Solution File, Format Version 12.00
# Visual Studio Version 17
VisualStudioVersion = 17.8.34309.116
MinimumVisualStudioVersion = 10.0.40219.1
Project("{FAE04EC0-301F-11D3-BF4B-00C04F79EFBC}") = "BricksAIDemo", "BricksAIDemo.csproj", "{024A69A2-B8F8-40A6-A0CD-3246248F41EB}"
EndProject
Global
	GlobalSection(SolutionConfigurationPlatforms) = preSolution
		Debug|Any CPU = Debug|Any CPU
		Release|Any CPU = Release|Any CPU
	EndGlobalSection
	GlobalSection(ProjectConfigurationPlatforms) = postSolution
		{024A69A2-B8F8-40A6-A0CD-3246248F41EB}.Debug|Any CPU.ActiveCfg = Debug|Any CPU
		{024A69A2-B8F8-40A6-A0CD-3246248F41EB}.Debug|Any CPU.Build.0 = Debug|Any CPU
		{024A69A2-B8F8-40A6-A0CD-3246248F41EB}.Release|Any CPU.ActiveCfg = Release|Any CPU
		{024A69A2-B8F8-40A6-A0CD-3246248F41EB}.Release|Any CPU.Build.0 = Release|Any CPU
	EndGlobalSection
	GlobalSection(SolutionProperties) = preSolution
		HideSolutionNode = FALSE
	EndGlobalSection
	GlobalSection(ExtensibilityGlobals) = postSolution
		SolutionGuid = {F40FE2B5-1809-4EC6-AED2-CD4C7034CFDD}
	EndGlobalSection
EndGlobal
